// !$*UTF8*$!
{
	archiveVersion = 1;
	classes = {
	};
	objectVersion = 46;
	objects = {

/* Begin PBXBuildFile section */
		D720686F1EC4B1A500509336 /* AppDelegate.swift in Sources */ = {isa = PBXBuildFile; fileRef = D720686E1EC4B1A500509336 /* AppDelegate.swift */; };
		D72068711EC4B1A500509336 /* ViewController.swift in Sources */ = {isa = PBXBuildFile; fileRef = D72068701EC4B1A500509336 /* ViewController.swift */; };
		D72068741EC4B1A500509336 /* Main.storyboard in Resources */ = {isa = PBXBuildFile; fileRef = D72068721EC4B1A500509336 /* Main.storyboard */; };
		D72068761EC4B1A500509336 /* Assets.xcassets in Resources */ = {isa = PBXBuildFile; fileRef = D72068751EC4B1A500509336 /* Assets.xcassets */; };
		D72068791EC4B1A500509336 /* LaunchScreen.storyboard in Resources */ = {isa = PBXBuildFile; fileRef = D72068771EC4B1A500509336 /* LaunchScreen.storyboard */; };
		D72068831EC4B46A00509336 /* FaceView.swift in Sources */ = {isa = PBXBuildFile; fileRef = D72068821EC4B46A00509336 /* FaceView.swift */; };
/* End PBXBuildFile section */

/* Begin PBXFileReference section */
		D720686B1EC4B1A500509336 /* FaceIt.app */ = {isa = PBXFileReference; explicitFileType = wrapper.application; includeInIndex = 0; path = FaceIt.app; sourceTree = BUILT_PRODUCTS_DIR; };
		D720686E1EC4B1A500509336 /* AppDelegate.swift */ = {isa = PBXFileReference; lastKnownFileType = sourcecode.swift; path = AppDelegate.swift; sourceTree = "<group>"; };
		D72068701EC4B1A500509336 /* ViewController.swift */ = {isa = PBXFileReference; lastKnownFileType = sourcecode.swift; path = ViewController.swift; sourceTree = "<group>"; };
		D72068731EC4B1A500509336 /* Base */ = {isa = PBXFileReference; lastKnownFileType = file.storyboard; name = Base; path = Base.lproj/Main.storyboard; sourceTree = "<group>"; };
		D72068751EC4B1A500509336 /* Assets.xcassets */ = {isa = PBXFileReference; lastKnownFileType = folder.assetcatalog; path = Assets.xcassets; sourceTree = "<group>"; };
		D72068781EC4B1A500509336 /* Base */ = {isa = PBXFileReference; lastKnownFileType = file.storyboard; name = Base; path = Base.lproj/LaunchScreen.storyboard; sourceTree = "<group>"; };
		D720687A1EC4B1A500509336 /* Info.plist */ = {isa = PBXFileReference; lastKnownFileType = text.plist.xml; path = Info.plist; sourceTree = "<group>"; };
		D72068821EC4B46A00509336 /* FaceView.swift */ = {isa = PBXFileReference; fileEncoding = 4; lastKnownFileType = sourcecode.swift; path = FaceView.swift; sourceTree = "<group>"; };
/* End PBXFileReference section */

/* Begin PBXFrameworksBuildPhase section */
		D72068681EC4B1A500509336 /* Frameworks */ = {
			isa = PBXFrameworksBuildPhase;
			buildActionMask = 2147483647;
			files = (
			);
			runOnlyForDeploymentPostprocessing = 0;
		};
/* End PBXFrameworksBuildPhase section */

/* Begin PBXGroup section */
		D72068621EC4B1A500509336 = {
			isa = PBXGroup;
			children = (
				D720686D1EC4B1A500509336 /* FaceIt */,
				D720686C1EC4B1A500509336 /* Products */,
			);
			sourceTree = "<group>";
		};
		D720686C1EC4B1A500509336 /* Products */ = {
			isa = PBXGroup;
			children = (
				D720686B1EC4B1A500509336 /* FaceIt.app */,
			);
			name = Products;
			sourceTree = "<group>";
		};
		D720686D1EC4B1A500509336 /* FaceIt */ = {
			isa = PBXGroup;
			children = (
				D72068701EC4B1A500509336 /* ViewController.swift */,
				D72068821EC4B46A00509336 /* FaceView.swift */,
				D72068721EC4B1A500509336 /* Main.storyboard */,
				D72068811EC4B3E000509336 /* Supporting Files */,
			);
			path = FaceIt;
			sourceTree = "<group>";
		};
		D72068811EC4B3E000509336 /* Supporting Files */ = {
			isa = PBXGroup;
			children = (
				D72068771EC4B1A500509336 /* LaunchScreen.storyboard */,
				D720686E1EC4B1A500509336 /* AppDelegate.swift */,
				D72068751EC4B1A500509336 /* Assets.xcassets */,
				D720687A1EC4B1A500509336 /* Info.plist */,
			);
			name = "Supporting Files";
			sourceTree = "<group>";
		};
/* End PBXGroup section */

/* Begin PBXNativeTarget section */
		D720686A1EC4B1A500509336 /* FaceIt */ = {
			isa = PBXNativeTarget;
			buildConfigurationList = D720687D1EC4B1A500509336 /* Build configuration list for PBXNativeTarget "FaceIt" */;
			buildPhases = (
				D72068671EC4B1A500509336 /* Sources */,
				D72068681EC4B1A500509336 /* Frameworks */,
				D72068691EC4B1A500509336 /* Resources */,
			);
			buildRules = (
			);
			dependencies = (
			);
			name = FaceIt;
			productName = FaceIt;
			productReference = D720686B1EC4B1A500509336 /* FaceIt.app */;
			productType = "com.apple.product-type.application";
		};
/* End PBXNativeTarget section */

/* Begin PBXProject section */
		D72068631EC4B1A500509336 /* Project object */ = {
			isa = PBXProject;
			attributes = {
				LastSwiftUpdateCheck = 0810;
				LastUpgradeCheck = 0810;
				ORGANIZATIONNAME = "Terrill Thorne";
				TargetAttributes = {
					D720686A1EC4B1A500509336 = {
						CreatedOnToolsVersion = 8.1;
						DevelopmentTeam = P2NLM369Z9;
						ProvisioningStyle = Automatic;
					};
				};
			};
			buildConfigurationList = D72068661EC4B1A500509336 /* Build configuration list for PBXProject "FaceIt" */;
			compatibilityVersion = "Xcode 3.2";
			developmentRegion = English;
			hasScannedForEncodings = 0;
			knownRegions = (
				en,
				Base,
			);
			mainGroup = D72068621EC4B1A500509336;
			productRefGroup = D720686C1EC4B1A500509336 /* Products */;
			projectDirPath = "";
			projectRoot = "";
			targets = (
				D720686A1EC4B1A500509336 /* FaceIt */,
			);
		};
/* End PBXProject section */

/* Begin PBXResourcesBuildPhase section */
		D72068691EC4B1A500509336 /* Resources */ = {
			isa = PBXResourcesBuildPhase;
			buildActionMask = 2147483647;
			files = (
				D72068791EC4B1A500509336 /* LaunchScreen.storyboard in Resources */,
				D72068761EC4B1A500509336 /* Assets.xcassets in Resources */,
				D72068741EC4B1A500509336 /* Main.storyboard in Resources */,
			);
			runOnlyForDeploymentPostprocessing = 0;
		};
/* End PBXResourcesBuildPhase section */

/* Begin PBXSourcesBuildPhase section */
		D72068671EC4B1A500509336 /* Sources */ = {
			isa = PBXSourcesBuildPhase;
			buildActionMask = 2147483647;
			files = (
				D72068711EC4B1A500509336 /* ViewController.swift in Sources */,
				D720686F1EC4B1A500509336 /* AppDelegate.swift in Sources */,
				D72068831EC4B46A00509336 /* FaceView.swift in Sources */,
			);
			runOnlyForDeploymentPostprocessing = 0;
		};
/* End PBXSourcesBuildPhase section */

/* Begin PBXVariantGroup section */
		D72068721EC4B1A500509336 /* Main.storyboard */ = {
			isa = PBXVariantGroup;
			children = (
				D72068731EC4B1A500509336 /* Base */,
			);
			name = Main.storyboard;
			sourceTree = "<group>";
		};
		D72068771EC4B1A500509336 /* LaunchScreen.storyboard */ = {
			isa = PBXVariantGroup;
			children = (
				D72068781EC4B1A500509336 /* Base */,
			);
			name = LaunchScreen.storyboard;
			sourceTree = "<group>";
		};
/* End PBXVariantGroup section */

/* Begin XCBuildConfiguration section */
		D720687B1EC4B1A500509336 /* Debug */ = {
			isa = XCBuildConfiguration;
			buildSettings = {
				ALWAYS_SEARCH_USER_PATHS = NO;
				CLANG_ANALYZER_NONNULL = YES;
				CLANG_CXX_LANGUAGE_STANDARD = "gnu++0x";
				CLANG_CXX_LIBRARY = "libc++";
				CLANG_ENABLE_MODULES = YES;
				CLANG_ENABLE_OBJC_ARC = YES;
				CLANG_WARN_BOOL_CONVERSION = YES;
				CLANG_WARN_CONSTANT_CONVERSION = YES;
				CLANG_WARN_DIRECT_OBJC_ISA_USAGE = YES_ERROR;
				CLANG_WARN_DOCUMENTATION_COMMENTS = YES;
				CLANG_WARN_EMPTY_BODY = YES;
				CLANG_WARN_ENUM_CONVERSION = YES;
				CLANG_WARN_INFINITE_RECURSION = YES;
				CLANG_WARN_INT_CONVERSION = YES;
				CLANG_WARN_OBJC_ROOT_CLASS = YES_ERROR;
				CLANG_WARN_SUSPICIOUS_MOVES = YES;
				CLANG_WARN_UNREACHABLE_CODE = YES;
				CLANG_WARN__DUPLICATE_METHOD_MATCH = YES;
				"CODE_SIGN_IDENTITY[sdk=iphoneos*]" = "iPhone Developer";
				COPY_PHASE_STRIP = NO;
				DEBUG_INFORMATION_FORMAT = dwarf;
				ENABLE_STRICT_OBJC_MSGSEND = YES;
				ENABLE_TESTABILITY = YES;
				GCC_C_LANGUAGE_STANDARD = gnu99;
				GCC_DYNAMIC_NO_PIC = NO;
				GCC_NO_COMMON_BLOCKS = YES;
				GCC_OPTIMIZATION_LEVEL = 0;
				GCC_PREPROCESSOR_DEFINITIONS = (
					"DEBUG=1",
					"$(inherited)",
				);
				GCC_WARN_64_TO_32_BIT_CONVERSION = YES;
				GCC_WARN_ABOUT_RETURN_TYPE = YES_ERROR;
				GCC_WARN_UNDECLARED_SELECTOR = YES;
				GCC_WARN_UNINITIALIZED_AUTOS = YES_AGGRESSIVE;
				GCC_WARN_UNUSED_FUNCTION = YES;
				GCC_WARN_UNUSED_VARIABLE = YES;
				IPHONEOS_DEPLOYMENT_TARGET = 10.1;
				MTL_ENABLE_DEBUG_INFO = YES;
				ONLY_ACTIVE_ARCH = YES;
				SDKROOT = iphoneos;
				SWIFT_ACTIVE_COMPILATION_CONDITIONS = DEBUG;
				SWIFT_OPTIMIZATION_LEVEL = "-Onone";
				TARGETED_DEVICE_FAMILY = "1,2";
			};
			name = Debug;
		};
		D720687C1EC4B1A500509336 /* Release */ = {
			isa = XCBuildConfiguration;
			buildSettings = {
				ALWAYS_SEARCH_USER_PATHS = NO;
				CLANG_ANALYZER_NONNULL = YES;
				CLANG_CXX_LANGUAGE_STANDARD = "gnu++0x";
				CLANG_CXX_LIBRARY = "libc++";
				CLANG_ENABLE_MODULES = YES;
				CLANG_ENABLE_OBJC_ARC = YES;
				CLANG_WARN_BOOL_CONVERSION = YES;
				CLANG_WARN_CONSTANT_CONVERSION = YES;
				CLANG_WARN_DIRECT_OBJC_ISA_USAGE = YES_ERROR;
				CLANG_WARN_DOCUMENTATION_COMMENTS = YES;
				CLANG_WARN_EMPTY_BODY = YES;
				CLANG_WARN_ENUM_CONVERSION = YES;
				CLANG_WARN_INFINITE_RECURSION = YES;
				CLANG_WARN_INT_CONVERSION = YES;
				CLANG_WARN_OBJC_ROOT_CLASS = YES_ERROR;
				CLANG_WARN_SUSPICIOUS_MOVES = YES;
				CLANG_WARN_UNREACHABLE_CODE = YES;
				CLANG_WARN__DUPLICATE_METHOD_MATCH = YES;
				"CODE_SIGN_IDENTITY[sdk=iphoneos*]" = "iPhone Developer";
				COPY_PHASE_STRIP = NO;
				DEBUG_INFORMATION_FORMAT = "dwarf-with-dsym";
				ENABLE_NS_ASSERTIONS = NO;
				ENABLE_STRICT_OBJC_MSGSEND = YES;
				GCC_C_LANGUAGE_STANDARD = gnu99;
				GCC_NO_COMMON_BLOCKS = YES;
				GCC_WARN_64_TO_32_BIT_CONVERSION = YES;
				GCC_WARN_ABOUT_RETURN_TYPE = YES_ERROR;
				GCC_WARN_UNDECLARED_SELECTOR = YES;
				GCC_WARN_UNINITIALIZED_AUTOS = YES_AGGRESSIVE;
				GCC_WARN_UNUSED_FUNCTION = YES;
				GCC_WARN_UNUSED_VARIABLE = YES;
				IPHONEOS_DEPLOYMENT_TARGET = 10.1;
				MTL_ENABLE_DEBUG_INFO = NO;
				SDKROOT = iphoneos;
				SWIFT_OPTIMIZATION_LEVEL = "-Owholemodule";
				TARGETED_DEVICE_FAMILY = "1,2";
				VALIDATE_PRODUCT = YES;
			};
			name = Release;
		};
		D720687E1EC4B1A500509336 /* Debug */ = {
			isa = XCBuildConfiguration;
			buildSettings = {
				ASSETCATALOG_COMPILER_APPICON_NAME = AppIcon;
				DEVELOPMENT_TEAM = P2NLM369Z9;
				INFOPLIST_FILE = FaceIt/Info.plist;
				LD_RUNPATH_SEARCH_PATHS = "$(inherited) @executable_path/Frameworks";
				PRODUCT_BUNDLE_IDENTIFIER = "t.thorne96-yahoo.com.FaceIt";
				PRODUCT_NAME = "$(TARGET_NAME)";
				SWIFT_VERSION = 3.0;
			};
			name = Debug;
		};
		D720687F1EC4B1A500509336 /* Release */ = {
			isa = XCBuildConfiguration;
			buildSettings = {
				ASSETCATALOG_COMPILER_APPICON_NAME = AppIcon;
				DEVELOPMENT_TEAM = P2NLM369Z9;
				INFOPLIST_FILE = FaceIt/Info.plist;
				LD_RUNPATH_SEARCH_PATHS = "$(inherited) @executable_path/Frameworks";
				PRODUCT_BUNDLE_IDENTIFIER = "t.thorne96-yahoo.com.FaceIt";
				PRODUCT_NAME = "$(TARGET_NAME)";
				SWIFT_VERSION = 3.0;
			};
			name = Release;
		};
/* End XCBuildConfiguration section */

/* Begin XCConfigurationList section */
		D72068661EC4B1A500509336 /* Build configuration list for PBXProject "FaceIt" */ = {
			isa = XCConfigurationList;
			buildConfigurations = (
				D720687B1EC4B1A500509336 /* Debug */,
				D720687C1EC4B1A500509336 /* Release */,
			);
			defaultConfigurationIsVisible = 0;
			defaultConfigurationName = Release;
		};
		D720687D1EC4B1A500509336 /* Build configuration list for PBXNativeTarget "FaceIt" */ = {
			isa = XCConfigurationList;
			buildConfigurations = (
				D720687E1EC4B1A500509336 /* Debug */,
				D720687F1EC4B1A500509336 /* Release */,
			);
			defaultConfigurationIsVisible = 0;
			defaultConfigurationName = Release;
		};
/* End XCConfigurationList section */
	};
	rootObject = D72068631EC4B1A500509336 /* Project object */;
}
